// !$*UTF8*$!
{
	archiveVersion = 1;
	classes = {
	};
	objectVersion = 46;
	objects = {

/* Begin PBXBuildFile section */
		7F4FBBB71DE83E150064CF22 /* imageTest.png in Resources */ = {isa = PBXBuildFile; fileRef = 7F4FBBAE1DE83E150064CF22 /* imageTest.png */; };
		7F4FBBC01DE8405F0064CF22 /* chat_bg.png in Resources */ = {isa = PBXBuildFile; fileRef = 7F4FBBBF1DE8405F0064CF22 /* chat_bg.png */; };
		7F4FBBC91DE841E10064CF22 /* runningman_001.png in Resources */ = {isa = PBXBuildFile; fileRef = 7F4FBBC31DE841E10064CF22 /* runningman_001.png */; };
		7F4FBBCA1DE841E10064CF22 /* runningman_002.png in Resources */ = {isa = PBXBuildFile; fileRef = 7F4FBBC41DE841E10064CF22 /* runningman_002.png */; };
		7F4FBBCB1DE841E10064CF22 /* runningman_003.png in Resources */ = {isa = PBXBuildFile; fileRef = 7F4FBBC51DE841E10064CF22 /* runningman_003.png */; };
		7F4FBBCC1DE841E10064CF22 /* runningman_004.png in Resources */ = {isa = PBXBuildFile; fileRef = 7F4FBBC61DE841E10064CF22 /* runningman_004.png */; };
		7F4FBBCD1DE841E10064CF22 /* runningman_005.png in Resources */ = {isa = PBXBuildFile; fileRef = 7F4FBBC71DE841E10064CF22 /* runningman_005.png */; };
		7F4FBBCF1DE842A60064CF22 /* runningman_000.png in Resources */ = {isa = PBXBuildFile; fileRef = 7F4FBBCE1DE842A60064CF22 /* runningman_000.png */; };
		7F4FBBEA1DE849030064CF22 /* NSArray+Log.m in Sources */ = {isa = PBXBuildFile; fileRef = 7F4FBBD21DE849030064CF22 /* NSArray+Log.m */; };
		7F4FBBEB1DE849030064CF22 /* NSDate+Utils.m in Sources */ = {isa = PBXBuildFile; fileRef = 7F4FBBD41DE849030064CF22 /* NSDate+Utils.m */; };
		7F4FBBEC1DE849030064CF22 /* NSDictionary+Log.m in Sources */ = {isa = PBXBuildFile; fileRef = 7F4FBBD61DE849030064CF22 /* NSDictionary+Log.m */; };
		7F4FBBED1DE849030064CF22 /* NSString+Convert.m in Sources */ = {isa = PBXBuildFile; fileRef = 7F4FBBD81DE849030064CF22 /* NSString+Convert.m */; };
		7F4FBBEE1DE849030064CF22 /* NSString+Size.m in Sources */ = {isa = PBXBuildFile; fileRef = 7F4FBBDA1DE849030064CF22 /* NSString+Size.m */; };
		7F4FBBEF1DE849030064CF22 /* NSString+Vaild.m in Sources */ = {isa = PBXBuildFile; fileRef = 7F4FBBDC1DE849030064CF22 /* NSString+Vaild.m */; };
		7F4FBBF01DE849030064CF22 /* UIButton+XN.m in Sources */ = {isa = PBXBuildFile; fileRef = 7F4FBBDF1DE849030064CF22 /* UIButton+XN.m */; };
		7F4FBBF11DE849030064CF22 /* UIImage+DrawImage.m in Sources */ = {isa = PBXBuildFile; fileRef = 7F4FBBE11DE849030064CF22 /* UIImage+DrawImage.m */; };
		7F4FBBF21DE849030064CF22 /* UIImage+ResizeImage.m in Sources */ = {isa = PBXBuildFile; fileRef = 7F4FBBE31DE849030064CF22 /* UIImage+ResizeImage.m */; };
		7F4FBBF31DE849030064CF22 /* UIImageView+RunAnimation.m in Sources */ = {isa = PBXBuildFile; fileRef = 7F4FBBE51DE849030064CF22 /* UIImageView+RunAnimation.m */; };
		7F4FBBF41DE849030064CF22 /* UIView+AccessFrameComponent.m in Sources */ = {isa = PBXBuildFile; fileRef = 7F4FBBE71DE849030064CF22 /* UIView+AccessFrameComponent.m */; };
		7F4FBBF51DE849030064CF22 /* UIView+RoundCorner.m in Sources */ = {isa = PBXBuildFile; fileRef = 7F4FBBE91DE849030064CF22 /* UIView+RoundCorner.m */; };
		7F4FBBF81DE84A440064CF22 /* FoundationTestController.m in Sources */ = {isa = PBXBuildFile; fileRef = 7F4FBBF71DE84A440064CF22 /* FoundationTestController.m */; };
		7FBEBDB71D5BE4AD004E13B8 /* main.m in Sources */ = {isa = PBXBuildFile; fileRef = 7FBEBDB61D5BE4AD004E13B8 /* main.m */; };
		7FBEBDBA1D5BE4AD004E13B8 /* AppDelegate.m in Sources */ = {isa = PBXBuildFile; fileRef = 7FBEBDB91D5BE4AD004E13B8 /* AppDelegate.m */; };
		7FBEBDBD1D5BE4AD004E13B8 /* UIKitTestController.m in Sources */ = {isa = PBXBuildFile; fileRef = 7FBEBDBC1D5BE4AD004E13B8 /* UIKitTestController.m */; };
		7FBEBDC01D5BE4AD004E13B8 /* Main.storyboard in Resources */ = {isa = PBXBuildFile; fileRef = 7FBEBDBE1D5BE4AD004E13B8 /* Main.storyboard */; };
		7FBEBDC21D5BE4AD004E13B8 /* Assets.xcassets in Resources */ = {isa = PBXBuildFile; fileRef = 7FBEBDC11D5BE4AD004E13B8 /* Assets.xcassets */; };
		7FBEBDC51D5BE4AD004E13B8 /* LaunchScreen.storyboard in Resources */ = {isa = PBXBuildFile; fileRef = 7FBEBDC31D5BE4AD004E13B8 /* LaunchScreen.storyboard */; };
/* End PBXBuildFile section */

/* Begin PBXFileReference section */
		7F4FBB7E1DE83D200064CF22 /* common.pch */ = {isa = PBXFileReference; fileEncoding = 4; lastKnownFileType = sourcecode.c.h; path = common.pch; sourceTree = "<group>"; };
		7F4FBBAE1DE83E150064CF22 /* imageTest.png */ = {isa = PBXFileReference; lastKnownFileType = image.png; path = imageTest.png; sourceTree = "<group>"; };
		7F4FBBBF1DE8405F0064CF22 /* chat_bg.png */ = {isa = PBXFileReference; lastKnownFileType = image.png; path = chat_bg.png; sourceTree = "<group>"; };
		7F4FBBC31DE841E10064CF22 /* runningman_001.png */ = {isa = PBXFileReference; lastKnownFileType = image.png; path = runningman_001.png; sourceTree = "<group>"; };
		7F4FBBC41DE841E10064CF22 /* runningman_002.png */ = {isa = PBXFileReference; lastKnownFileType = image.png; path = runningman_002.png; sourceTree = "<group>"; };
		7F4FBBC51DE841E10064CF22 /* runningman_003.png */ = {isa = PBXFileReference; lastKnownFileType = image.png; path = runningman_003.png; sourceTree = "<group>"; };
		7F4FBBC61DE841E10064CF22 /* runningman_004.png */ = {isa = PBXFileReference; lastKnownFileType = image.png; path = runningman_004.png; sourceTree = "<group>"; };
		7F4FBBC71DE841E10064CF22 /* runningman_005.png */ = {isa = PBXFileReference; lastKnownFileType = image.png; path = runningman_005.png; sourceTree = "<group>"; };
		7F4FBBCE1DE842A60064CF22 /* runningman_000.png */ = {isa = PBXFileReference; lastKnownFileType = image.png; path = runningman_000.png; sourceTree = "<group>"; };
		7F4FBBD11DE849030064CF22 /* NSArray+Log.h */ = {isa = PBXFileReference; fileEncoding = 4; lastKnownFileType = sourcecode.c.h; path = "NSArray+Log.h"; sourceTree = "<group>"; };
		7F4FBBD21DE849030064CF22 /* NSArray+Log.m */ = {isa = PBXFileReference; fileEncoding = 4; lastKnownFileType = sourcecode.c.objc; path = "NSArray+Log.m"; sourceTree = "<group>"; };
		7F4FBBD31DE849030064CF22 /* NSDate+Utils.h */ = {isa = PBXFileReference; fileEncoding = 4; lastKnownFileType = sourcecode.c.h; path = "NSDate+Utils.h"; sourceTree = "<group>"; };
		7F4FBBD41DE849030064CF22 /* NSDate+Utils.m */ = {isa = PBXFileReference; fileEncoding = 4; lastKnownFileType = sourcecode.c.objc; path = "NSDate+Utils.m"; sourceTree = "<group>"; };
		7F4FBBD51DE849030064CF22 /* NSDictionary+Log.h */ = {isa = PBXFileReference; fileEncoding = 4; lastKnownFileType = sourcecode.c.h; path = "NSDictionary+Log.h"; sourceTree = "<group>"; };
		7F4FBBD61DE849030064CF22 /* NSDictionary+Log.m */ = {isa = PBXFileReference; fileEncoding = 4; lastKnownFileType = sourcecode.c.objc; path = "NSDictionary+Log.m"; sourceTree = "<group>"; };
		7F4FBBD71DE849030064CF22 /* NSString+Convert.h */ = {isa = PBXFileReference; fileEncoding = 4; lastKnownFileType = sourcecode.c.h; path = "NSString+Convert.h"; sourceTree = "<group>"; };
		7F4FBBD81DE849030064CF22 /* NSString+Convert.m */ = {isa = PBXFileReference; fileEncoding = 4; lastKnownFileType = sourcecode.c.objc; path = "NSString+Convert.m"; sourceTree = "<group>"; };
		7F4FBBD91DE849030064CF22 /* NSString+Size.h */ = {isa = PBXFileReference; fileEncoding = 4; lastKnownFileType = sourcecode.c.h; path = "NSString+Size.h"; sourceTree = "<group>"; };
		7F4FBBDA1DE849030064CF22 /* NSString+Size.m */ = {isa = PBXFileReference; fileEncoding = 4; lastKnownFileType = sourcecode.c.objc; path = "NSString+Size.m"; sourceTree = "<group>"; };
		7F4FBBDB1DE849030064CF22 /* NSString+Vaild.h */ = {isa = PBXFileReference; fileEncoding = 4; lastKnownFileType = sourcecode.c.h; path = "NSString+Vaild.h"; sourceTree = "<group>"; };
		7F4FBBDC1DE849030064CF22 /* NSString+Vaild.m */ = {isa = PBXFileReference; fileEncoding = 4; lastKnownFileType = sourcecode.c.objc; path = "NSString+Vaild.m"; sourceTree = "<group>"; };
		7F4FBBDE1DE849030064CF22 /* UIButton+XN.h */ = {isa = PBXFileReference; fileEncoding = 4; lastKnownFileType = sourcecode.c.h; path = "UIButton+XN.h"; sourceTree = "<group>"; };
		7F4FBBDF1DE849030064CF22 /* UIButton+XN.m */ = {isa = PBXFileReference; fileEncoding = 4; lastKnownFileType = sourcecode.c.objc; path = "UIButton+XN.m"; sourceTree = "<group>"; };
		7F4FBBE01DE849030064CF22 /* UIImage+DrawImage.h */ = {isa = PBXFileReference; fileEncoding = 4; lastKnownFileType = sourcecode.c.h; path = "UIImage+DrawImage.h"; sourceTree = "<group>"; };
		7F4FBBE11DE849030064CF22 /* UIImage+DrawImage.m */ = {isa = PBXFileReference; fileEncoding = 4; lastKnownFileType = sourcecode.c.objc; path = "UIImage+DrawImage.m"; sourceTree = "<group>"; };
		7F4FBBE21DE849030064CF22 /* UIImage+ResizeImage.h */ = {isa = PBXFileReference; fileEncoding = 4; lastKnownFileType = sourcecode.c.h; path = "UIImage+ResizeImage.h"; sourceTree = "<group>"; };
		7F4FBBE31DE849030064CF22 /* UIImage+ResizeImage.m */ = {isa = PBXFileReference; fileEncoding = 4; lastKnownFileType = sourcecode.c.objc; path = "UIImage+ResizeImage.m"; sourceTree = "<group>"; };
		7F4FBBE41DE849030064CF22 /* UIImageView+RunAnimation.h */ = {isa = PBXFileReference; fileEncoding = 4; lastKnownFileType = sourcecode.c.h; path = "UIImageView+RunAnimation.h"; sourceTree = "<group>"; };
		7F4FBBE51DE849030064CF22 /* UIImageView+RunAnimation.m */ = {isa = PBXFileReference; fileEncoding = 4; lastKnownFileType = sourcecode.c.objc; path = "UIImageView+RunAnimation.m"; sourceTree = "<group>"; };
		7F4FBBE61DE849030064CF22 /* UIView+AccessFrameComponent.h */ = {isa = PBXFileReference; fileEncoding = 4; lastKnownFileType = sourcecode.c.h; path = "UIView+AccessFrameComponent.h"; sourceTree = "<group>"; };
		7F4FBBE71DE849030064CF22 /* UIView+AccessFrameComponent.m */ = {isa = PBXFileReference; fileEncoding = 4; lastKnownFileType = sourcecode.c.objc; path = "UIView+AccessFrameComponent.m"; sourceTree = "<group>"; };
		7F4FBBE81DE849030064CF22 /* UIView+RoundCorner.h */ = {isa = PBXFileReference; fileEncoding = 4; lastKnownFileType = sourcecode.c.h; path = "UIView+RoundCorner.h"; sourceTree = "<group>"; };
		7F4FBBE91DE849030064CF22 /* UIView+RoundCorner.m */ = {isa = PBXFileReference; fileEncoding = 4; lastKnownFileType = sourcecode.c.objc; path = "UIView+RoundCorner.m"; sourceTree = "<group>"; };
		7F4FBBF61DE84A440064CF22 /* FoundationTestController.h */ = {isa = PBXFileReference; fileEncoding = 4; lastKnownFileType = sourcecode.c.h; path = FoundationTestController.h; sourceTree = "<group>"; };
		7F4FBBF71DE84A440064CF22 /* FoundationTestController.m */ = {isa = PBXFileReference; fileEncoding = 4; lastKnownFileType = sourcecode.c.objc; path = FoundationTestController.m; sourceTree = "<group>"; };
		7FBEBDB21D5BE4AD004E13B8 /* XNCategory.app */ = {isa = PBXFileReference; explicitFileType = wrapper.application; includeInIndex = 0; path = XNCategory.app; sourceTree = BUILT_PRODUCTS_DIR; };
		7FBEBDB61D5BE4AD004E13B8 /* main.m */ = {isa = PBXFileReference; lastKnownFileType = sourcecode.c.objc; path = main.m; sourceTree = "<group>"; };
		7FBEBDB81D5BE4AD004E13B8 /* AppDelegate.h */ = {isa = PBXFileReference; lastKnownFileType = sourcecode.c.h; path = AppDelegate.h; sourceTree = "<group>"; };
		7FBEBDB91D5BE4AD004E13B8 /* AppDelegate.m */ = {isa = PBXFileReference; lastKnownFileType = sourcecode.c.objc; path = AppDelegate.m; sourceTree = "<group>"; };
		7FBEBDBB1D5BE4AD004E13B8 /* UIKitTestController.h */ = {isa = PBXFileReference; lastKnownFileType = sourcecode.c.h; path = UIKitTestController.h; sourceTree = "<group>"; };
		7FBEBDBC1D5BE4AD004E13B8 /* UIKitTestController.m */ = {isa = PBXFileReference; lastKnownFileType = sourcecode.c.objc; path = UIKitTestController.m; sourceTree = "<group>"; };
		7FBEBDBF1D5BE4AD004E13B8 /* Base */ = {isa = PBXFileReference; lastKnownFileType = file.storyboard; name = Base; path = Base.lproj/Main.storyboard; sourceTree = "<group>"; };
		7FBEBDC11D5BE4AD004E13B8 /* Assets.xcassets */ = {isa = PBXFileReference; lastKnownFileType = folder.assetcatalog; path = Assets.xcassets; sourceTree = "<group>"; };
		7FBEBDC41D5BE4AD004E13B8 /* Base */ = {isa = PBXFileReference; lastKnownFileType = file.storyboard; name = Base; path = Base.lproj/LaunchScreen.storyboard; sourceTree = "<group>"; };
		7FBEBDC61D5BE4AD004E13B8 /* Info.plist */ = {isa = PBXFileReference; lastKnownFileType = text.plist.xml; path = Info.plist; sourceTree = "<group>"; };
/* End PBXFileReference section */

/* Begin PBXFrameworksBuildPhase section */
		7FBEBDAF1D5BE4AD004E13B8 /* Frameworks */ = {
			isa = PBXFrameworksBuildPhase;
			buildActionMask = 2147483647;
			files = (
			);
			runOnlyForDeploymentPostprocessing = 0;
		};
/* End PBXFrameworksBuildPhase section */

/* Begin PBXGroup section */
		7F4FBB641DE83D200064CF22 /* Classes */ = {
			isa = PBXGroup;
			children = (
				7F4FBB651DE83D200064CF22 /* Category */,
				7F4FBB7E1DE83D200064CF22 /* common.pch */,
			);
			path = Classes;
			sourceTree = "<group>";
		};
		7F4FBB651DE83D200064CF22 /* Category */ = {
			isa = PBXGroup;
			children = (
				7F4FBBD01DE849030064CF22 /* Foundation */,
				7F4FBBDD1DE849030064CF22 /* UIKit */,
			);
			path = Category;
			sourceTree = "<group>";
		};
		7F4FBBAD1DE83E150064CF22 /* Resources */ = {
			isa = PBXGroup;
			children = (
				7F4FBBC11DE841E10064CF22 /* runningman */,
				7F4FBBBF1DE8405F0064CF22 /* chat_bg.png */,
				7F4FBBAE1DE83E150064CF22 /* imageTest.png */,
			);
			path = Resources;
			sourceTree = "<group>";
		};
		7F4FBBC11DE841E10064CF22 /* runningman */ = {
			isa = PBXGroup;
			children = (
				7F4FBBCE1DE842A60064CF22 /* runningman_000.png */,
				7F4FBBC31DE841E10064CF22 /* runningman_001.png */,
				7F4FBBC41DE841E10064CF22 /* runningman_002.png */,
				7F4FBBC51DE841E10064CF22 /* runningman_003.png */,
				7F4FBBC61DE841E10064CF22 /* runningman_004.png */,
				7F4FBBC71DE841E10064CF22 /* runningman_005.png */,
			);
			path = runningman;
			sourceTree = "<group>";
		};
		7F4FBBD01DE849030064CF22 /* Foundation */ = {
			isa = PBXGroup;
			children = (
				7F4FBBD11DE849030064CF22 /* NSArray+Log.h */,
				7F4FBBD21DE849030064CF22 /* NSArray+Log.m */,
				7F4FBBD31DE849030064CF22 /* NSDate+Utils.h */,
				7F4FBBD41DE849030064CF22 /* NSDate+Utils.m */,
				7F4FBBD51DE849030064CF22 /* NSDictionary+Log.h */,
				7F4FBBD61DE849030064CF22 /* NSDictionary+Log.m */,
				7F4FBBD71DE849030064CF22 /* NSString+Convert.h */,
				7F4FBBD81DE849030064CF22 /* NSString+Convert.m */,
				7F4FBBD91DE849030064CF22 /* NSString+Size.h */,
				7F4FBBDA1DE849030064CF22 /* NSString+Size.m */,
				7F4FBBDB1DE849030064CF22 /* NSString+Vaild.h */,
				7F4FBBDC1DE849030064CF22 /* NSString+Vaild.m */,
			);
			path = Foundation;
			sourceTree = "<group>";
		};
		7F4FBBDD1DE849030064CF22 /* UIKit */ = {
			isa = PBXGroup;
			children = (
				7F4FBBDE1DE849030064CF22 /* UIButton+XN.h */,
				7F4FBBDF1DE849030064CF22 /* UIButton+XN.m */,
				7F4FBBE01DE849030064CF22 /* UIImage+DrawImage.h */,
				7F4FBBE11DE849030064CF22 /* UIImage+DrawImage.m */,
				7F4FBBE21DE849030064CF22 /* UIImage+ResizeImage.h */,
				7F4FBBE31DE849030064CF22 /* UIImage+ResizeImage.m */,
				7F4FBBE41DE849030064CF22 /* UIImageView+RunAnimation.h */,
				7F4FBBE51DE849030064CF22 /* UIImageView+RunAnimation.m */,
				7F4FBBE61DE849030064CF22 /* UIView+AccessFrameComponent.h */,
				7F4FBBE71DE849030064CF22 /* UIView+AccessFrameComponent.m */,
				7F4FBBE81DE849030064CF22 /* UIView+RoundCorner.h */,
				7F4FBBE91DE849030064CF22 /* UIView+RoundCorner.m */,
			);
			path = UIKit;
			sourceTree = "<group>";
		};
		7FBEBDA91D5BE4AD004E13B8 = {
			isa = PBXGroup;
			children = (
				7FBEBDB41D5BE4AD004E13B8 /* XNCategory */,
				7FBEBDB31D5BE4AD004E13B8 /* Products */,
			);
			sourceTree = "<group>";
		};
		7FBEBDB31D5BE4AD004E13B8 /* Products */ = {
			isa = PBXGroup;
			children = (
				7FBEBDB21D5BE4AD004E13B8 /* XNCategory.app */,
			);
			name = Products;
			sourceTree = "<group>";
		};
		7FBEBDB41D5BE4AD004E13B8 /* XNCategory */ = {
			isa = PBXGroup;
			children = (
				7F4FBB641DE83D200064CF22 /* Classes */,
				7F4FBBF61DE84A440064CF22 /* FoundationTestController.h */,
				7F4FBBF71DE84A440064CF22 /* FoundationTestController.m */,
				7FBEBDBB1D5BE4AD004E13B8 /* UIKitTestController.h */,
				7FBEBDBC1D5BE4AD004E13B8 /* UIKitTestController.m */,
				7FBEBDB51D5BE4AD004E13B8 /* Supporting Files */,
			);
			path = XNCategory;
			sourceTree = "<group>";
		};
		7FBEBDB51D5BE4AD004E13B8 /* Supporting Files */ = {
			isa = PBXGroup;
			children = (
				7F4FBBAD1DE83E150064CF22 /* Resources */,
				7FBEBDC11D5BE4AD004E13B8 /* Assets.xcassets */,
				7FBEBDC61D5BE4AD004E13B8 /* Info.plist */,
				7FBEBDBE1D5BE4AD004E13B8 /* Main.storyboard */,
				7FBEBDC31D5BE4AD004E13B8 /* LaunchScreen.storyboard */,
				7FBEBDB81D5BE4AD004E13B8 /* AppDelegate.h */,
				7FBEBDB91D5BE4AD004E13B8 /* AppDelegate.m */,
				7FBEBDB61D5BE4AD004E13B8 /* main.m */,
			);
			name = "Supporting Files";
			sourceTree = "<group>";
		};
/* End PBXGroup section */

/* Begin PBXNativeTarget section */
		7FBEBDB11D5BE4AD004E13B8 /* XNCategory */ = {
			isa = PBXNativeTarget;
			buildConfigurationList = 7FBEBDC91D5BE4AD004E13B8 /* Build configuration list for PBXNativeTarget "XNCategory" */;
			buildPhases = (
				7FBEBDAE1D5BE4AD004E13B8 /* Sources */,
				7FBEBDAF1D5BE4AD004E13B8 /* Frameworks */,
				7FBEBDB01D5BE4AD004E13B8 /* Resources */,
			);
			buildRules = (
			);
			dependencies = (
			);
			name = XNCategory;
			productName = XNCategory;
			productReference = 7FBEBDB21D5BE4AD004E13B8 /* XNCategory.app */;
			productType = "com.apple.product-type.application";
		};
/* End PBXNativeTarget section */

/* Begin PBXProject section */
		7FBEBDAA1D5BE4AD004E13B8 /* Project object */ = {
			isa = PBXProject;
			attributes = {
				LastUpgradeCheck = 0720;
				ORGANIZATIONNAME = xn4545945;
				TargetAttributes = {
					7FBEBDB11D5BE4AD004E13B8 = {
						CreatedOnToolsVersion = 7.2.1;
					};
				};
			};
			buildConfigurationList = 7FBEBDAD1D5BE4AD004E13B8 /* Build configuration list for PBXProject "XNCategory" */;
			compatibilityVersion = "Xcode 3.2";
			developmentRegion = English;
			hasScannedForEncodings = 0;
			knownRegions = (
				en,
				Base,
			);
			mainGroup = 7FBEBDA91D5BE4AD004E13B8;
			productRefGroup = 7FBEBDB31D5BE4AD004E13B8 /* Products */;
			projectDirPath = "";
			projectRoot = "";
			targets = (
				7FBEBDB11D5BE4AD004E13B8 /* XNCategory */,
			);
		};
/* End PBXProject section */

/* Begin PBXResourcesBuildPhase section */
		7FBEBDB01D5BE4AD004E13B8 /* Resources */ = {
			isa = PBXResourcesBuildPhase;
			buildActionMask = 2147483647;
			files = (
				7FBEBDC51D5BE4AD004E13B8 /* LaunchScreen.storyboard in Resources */,
				7F4FBBCD1DE841E10064CF22 /* runningman_005.png in Resources */,
				7F4FBBC91DE841E10064CF22 /* runningman_001.png in Resources */,
				7F4FBBCC1DE841E10064CF22 /* runningman_004.png in Resources */,
				7F4FBBCA1DE841E10064CF22 /* runningman_002.png in Resources */,
				7FBEBDC21D5BE4AD004E13B8 /* Assets.xcassets in Resources */,
				7FBEBDC01D5BE4AD004E13B8 /* Main.storyboard in Resources */,
				7F4FBBCF1DE842A60064CF22 /* runningman_000.png in Resources */,
				7F4FBBCB1DE841E10064CF22 /* runningman_003.png in Resources */,
				7F4FBBC01DE8405F0064CF22 /* chat_bg.png in Resources */,
				7F4FBBB71DE83E150064CF22 /* imageTest.png in Resources */,
			);
			runOnlyForDeploymentPostprocessing = 0;
		};
/* End PBXResourcesBuildPhase section */

/* Begin PBXSourcesBuildPhase section */
		7FBEBDAE1D5BE4AD004E13B8 /* Sources */ = {
			isa = PBXSourcesBuildPhase;
			buildActionMask = 2147483647;
			files = (
				7F4FBBF81DE84A440064CF22 /* FoundationTestController.m in Sources */,
				7F4FBBEE1DE849030064CF22 /* NSString+Size.m in Sources */,
				7F4FBBF11DE849030064CF22 /* UIImage+DrawImage.m in Sources */,
				7F4FBBEF1DE849030064CF22 /* NSString+Vaild.m in Sources */,
				7FBEBDBD1D5BE4AD004E13B8 /* UIKitTestController.m in Sources */,
				7F4FBBEC1DE849030064CF22 /* NSDictionary+Log.m in Sources */,
				7F4FBBF21DE849030064CF22 /* UIImage+ResizeImage.m in Sources */,
				7F4FBBEA1DE849030064CF22 /* NSArray+Log.m in Sources */,
				7FBEBDBA1D5BE4AD004E13B8 /* AppDelegate.m in Sources */,
				7F4FBBED1DE849030064CF22 /* NSString+Convert.m in Sources */,
				7F4FBBF31DE849030064CF22 /* UIImageView+RunAnimation.m in Sources */,
				7F4FBBF41DE849030064CF22 /* UIView+AccessFrameComponent.m in Sources */,
				7FBEBDB71D5BE4AD004E13B8 /* main.m in Sources */,
				7F4FBBEB1DE849030064CF22 /* NSDate+Utils.m in Sources */,
				7F4FBBF01DE849030064CF22 /* UIButton+XN.m in Sources */,
				7F4FBBF51DE849030064CF22 /* UIView+RoundCorner.m in Sources */,
			);
			runOnlyForDeploymentPostprocessing = 0;
		};
/* End PBXSourcesBuildPhase section */

/* Begin PBXVariantGroup section */
		7FBEBDBE1D5BE4AD004E13B8 /* Main.storyboard */ = {
			isa = PBXVariantGroup;
			children = (
				7FBEBDBF1D5BE4AD004E13B8 /* Base */,
			);
			name = Main.storyboard;
			sourceTree = "<group>";
		};
		7FBEBDC31D5BE4AD004E13B8 /* LaunchScreen.storyboard */ = {
			isa = PBXVariantGroup;
			children = (
				7FBEBDC41D5BE4AD004E13B8 /* Base */,
			);
			name = LaunchScreen.storyboard;
			sourceTree = "<group>";
		};
/* End PBXVariantGroup section */

/* Begin XCBuildConfiguration section */
		7FBEBDC71D5BE4AD004E13B8 /* Debug */ = {
			isa = XCBuildConfiguration;
			buildSettings = {
				ALWAYS_SEARCH_USER_PATHS = NO;
				CLANG_CXX_LANGUAGE_STANDARD = "gnu++0x";
				CLANG_CXX_LIBRARY = "libc++";
				CLANG_ENABLE_MODULES = YES;
				CLANG_ENABLE_OBJC_ARC = YES;
				CLANG_WARN_BOOL_CONVERSION = YES;
				CLANG_WARN_CONSTANT_CONVERSION = YES;
				CLANG_WARN_DIRECT_OBJC_ISA_USAGE = YES_ERROR;
				CLANG_WARN_EMPTY_BODY = YES;
				CLANG_WARN_ENUM_CONVERSION = YES;
				CLANG_WARN_INT_CONVERSION = YES;
				CLANG_WARN_OBJC_ROOT_CLASS = YES_ERROR;
				CLANG_WARN_UNREACHABLE_CODE = YES;
				CLANG_WARN__DUPLICATE_METHOD_MATCH = YES;
				"CODE_SIGN_IDENTITY[sdk=iphoneos*]" = "iPhone Developer";
				COPY_PHASE_STRIP = NO;
				DEBUG_INFORMATION_FORMAT = dwarf;
				ENABLE_STRICT_OBJC_MSGSEND = YES;
				ENABLE_TESTABILITY = YES;
				GCC_C_LANGUAGE_STANDARD = gnu99;
				GCC_DYNAMIC_NO_PIC = NO;
				GCC_NO_COMMON_BLOCKS = YES;
				GCC_OPTIMIZATION_LEVEL = 0;
				GCC_PREPROCESSOR_DEFINITIONS = (
					"DEBUG=1",
					"$(inherited)",
				);
				GCC_WARN_64_TO_32_BIT_CONVERSION = YES;
				GCC_WARN_ABOUT_RETURN_TYPE = YES_ERROR;
				GCC_WARN_UNDECLARED_SELECTOR = YES;
				GCC_WARN_UNINITIALIZED_AUTOS = YES_AGGRESSIVE;
				GCC_WARN_UNUSED_FUNCTION = YES;
				GCC_WARN_UNUSED_VARIABLE = YES;
				IPHONEOS_DEPLOYMENT_TARGET = 9.2;
				MTL_ENABLE_DEBUG_INFO = YES;
				ONLY_ACTIVE_ARCH = YES;
				SDKROOT = iphoneos;
			};
			name = Debug;
		};
		7FBEBDC81D5BE4AD004E13B8 /* Release */ = {
			isa = XCBuildConfiguration;
			buildSettings = {
				ALWAYS_SEARCH_USER_PATHS = NO;
				CLANG_CXX_LANGUAGE_STANDARD = "gnu++0x";
				CLANG_CXX_LIBRARY = "libc++";
				CLANG_ENABLE_MODULES = YES;
				CLANG_ENABLE_OBJC_ARC = YES;
				CLANG_WARN_BOOL_CONVERSION = YES;
				CLANG_WARN_CONSTANT_CONVERSION = YES;
				CLANG_WARN_DIRECT_OBJC_ISA_USAGE = YES_ERROR;
				CLANG_WARN_EMPTY_BODY = YES;
				CLANG_WARN_ENUM_CONVERSION = YES;
				CLANG_WARN_INT_CONVERSION = YES;
				CLANG_WARN_OBJC_ROOT_CLASS = YES_ERROR;
				CLANG_WARN_UNREACHABLE_CODE = YES;
				CLANG_WARN__DUPLICATE_METHOD_MATCH = YES;
				"CODE_SIGN_IDENTITY[sdk=iphoneos*]" = "iPhone Developer";
				COPY_PHASE_STRIP = NO;
				DEBUG_INFORMATION_FORMAT = "dwarf-with-dsym";
				ENABLE_NS_ASSERTIONS = NO;
				ENABLE_STRICT_OBJC_MSGSEND = YES;
				GCC_C_LANGUAGE_STANDARD = gnu99;
				GCC_NO_COMMON_BLOCKS = YES;
				GCC_WARN_64_TO_32_BIT_CONVERSION = YES;
				GCC_WARN_ABOUT_RETURN_TYPE = YES_ERROR;
				GCC_WARN_UNDECLARED_SELECTOR = YES;
				GCC_WARN_UNINITIALIZED_AUTOS = YES_AGGRESSIVE;
				GCC_WARN_UNUSED_FUNCTION = YES;
				GCC_WARN_UNUSED_VARIABLE = YES;
				IPHONEOS_DEPLOYMENT_TARGET = 9.2;
				MTL_ENABLE_DEBUG_INFO = NO;
				SDKROOT = iphoneos;
				VALIDATE_PRODUCT = YES;
			};
			name = Release;
		};
		7FBEBDCA1D5BE4AD004E13B8 /* Debug */ = {
			isa = XCBuildConfiguration;
			buildSettings = {
				ASSETCATALOG_COMPILER_APPICON_NAME = AppIcon;
				INFOPLIST_FILE = XNCategory/Info.plist;
				IPHONEOS_DEPLOYMENT_TARGET = 8.0;
				LD_RUNPATH_SEARCH_PATHS = "$(inherited) @executable_path/Frameworks";
				PRODUCT_BUNDLE_IDENTIFIER = com.xigulu.blog.XNCategory;
				PRODUCT_NAME = "$(TARGET_NAME)";
			};
			name = Debug;
		};
		7FBEBDCB1D5BE4AD004E13B8 /* Release */ = {
			isa = XCBuildConfiguration;
			buildSettings = {
				ASSETCATALOG_COMPILER_APPICON_NAME = AppIcon;
				INFOPLIST_FILE = XNCategory/Info.plist;
				IPHONEOS_DEPLOYMENT_TARGET = 8.0;
				LD_RUNPATH_SEARCH_PATHS = "$(inherited) @executable_path/Frameworks";
				PRODUCT_BUNDLE_IDENTIFIER = com.xigulu.blog.XNCategory;
				PRODUCT_NAME = "$(TARGET_NAME)";
			};
			name = Release;
		};
/* End XCBuildConfiguration section */

/* Begin XCConfigurationList section */
		7FBEBDAD1D5BE4AD004E13B8 /* Build configuration list for PBXProject "XNCategory" */ = {
			isa = XCConfigurationList;
			buildConfigurations = (
				7FBEBDC71D5BE4AD004E13B8 /* Debug */,
				7FBEBDC81D5BE4AD004E13B8 /* Release */,
			);
			defaultConfigurationIsVisible = 0;
			defaultConfigurationName = Release;
		};
		7FBEBDC91D5BE4AD004E13B8 /* Build configuration list for PBXNativeTarget "XNCategory" */ = {
			isa = XCConfigurationList;
			buildConfigurations = (
				7FBEBDCA1D5BE4AD004E13B8 /* Debug */,
				7FBEBDCB1D5BE4AD004E13B8 /* Release */,
			);
			defaultConfigurationIsVisible = 0;
			defaultConfigurationName = Release;
		};
/* End XCConfigurationList section */
	};
	rootObject = 7FBEBDAA1D5BE4AD004E13B8 /* Project object */;
}
